
Microsoft Visual Studio Solution File, Format Version 12.00
Project("{FAE04EC0-301F-11D3-BF4B-00C04F79EFBC}") = "ParkinApp.Application", "ParkinApp.Application\ParkinApp.Application.csproj", "{8BCF345C-821E-4D3A-BAE0-340FE0C4D29A}"
EndProject
Project("{FAE04EC0-301F-11D3-BF4B-00C04F79EFBC}") = "ParkinApp.Domain", "ParkinApp.Domain\ParkinApp.Domain.csproj", "{C9965D3F-453B-4ACD-BE10-5954563EAF3E}"
EndProject
Project("{FAE04EC0-301F-11D3-BF4B-00C04F79EFBC}") = "ParkinApp.Persistence", "ParkinApp.Persistence\ParkinApp.Persistence.csproj", "{DF0B69C6-27CF-41BF-9E5D-C9FCD6B8A846}"
EndProject
Project("{FAE04EC0-301F-11D3-BF4B-00C04F79EFBC}") = "ParkinApp", "ParkinApp\ParkinApp.csproj", "{F54CA405-255B-45EC-A657-B9AA998C9257}"
EndProject
Global
	GlobalSection(SolutionConfigurationPlatforms) = preSolution
		Debug|Any CPU = Debug|Any CPU
		Release|Any CPU = Release|Any CPU
	EndGlobalSection
	GlobalSection(ProjectConfigurationPlatforms) = postSolution
		{8BCF345C-821E-4D3A-BAE0-340FE0C4D29A}.Debug|Any CPU.ActiveCfg = Debug|Any CPU
		{8BCF345C-821E-4D3A-BAE0-340FE0C4D29A}.Debug|Any CPU.Build.0 = Debug|Any CPU
		{8BCF345C-821E-4D3A-BAE0-340FE0C4D29A}.Release|Any CPU.ActiveCfg = Release|Any CPU
		{8BCF345C-821E-4D3A-BAE0-340FE0C4D29A}.Release|Any CPU.Build.0 = Release|Any CPU
		{C9965D3F-453B-4ACD-BE10-5954563EAF3E}.Debug|Any CPU.ActiveCfg = Debug|Any CPU
		{C9965D3F-453B-4ACD-BE10-5954563EAF3E}.Debug|Any CPU.Build.0 = Debug|Any CPU
		{C9965D3F-453B-4ACD-BE10-5954563EAF3E}.Release|Any CPU.ActiveCfg = Release|Any CPU
		{C9965D3F-453B-4ACD-BE10-5954563EAF3E}.Release|Any CPU.Build.0 = Release|Any CPU
		{DF0B69C6-27CF-41BF-9E5D-C9FCD6B8A846}.Debug|Any CPU.ActiveCfg = Debug|Any CPU
		{DF0B69C6-27CF-41BF-9E5D-C9FCD6B8A846}.Debug|Any CPU.Build.0 = Debug|Any CPU
		{DF0B69C6-27CF-41BF-9E5D-C9FCD6B8A846}.Release|Any CPU.ActiveCfg = Release|Any CPU
		{DF0B69C6-27CF-41BF-9E5D-C9FCD6B8A846}.Release|Any CPU.Build.0 = Release|Any CPU
		{F54CA405-255B-45EC-A657-B9AA998C9257}.Debug|Any CPU.ActiveCfg = Debug|Any CPU
		{F54CA405-255B-45EC-A657-B9AA998C9257}.Debug|Any CPU.Build.0 = Debug|Any CPU
		{F54CA405-255B-45EC-A657-B9AA998C9257}.Release|Any CPU.ActiveCfg = Release|Any CPU
		{F54CA405-255B-45EC-A657-B9AA998C9257}.Release|Any CPU.Build.0 = Release|Any CPU
	EndGlobalSection
EndGlobal
